
Microsoft Visual Studio Solution File, Format Version 12.00
# Visual Studio 2013
VisualStudioVersion = 12.0.40629.0
MinimumVisualStudioVersion = 10.0.40219.1
Project("{FAE04EC0-301F-11D3-BF4B-00C04F79EFBC}") = "InClass-Fayomi-20180327", "InClass-Fayomi-20180327\InClass-Fayomi-20180327.csproj", "{C800085A-2748-482B-8B79-F0A3680CE10C}"
EndProject
Global
	GlobalSection(SolutionConfigurationPlatforms) = preSolution
		Debug|Any CPU = Debug|Any CPU
		Release|Any CPU = Release|Any CPU
	EndGlobalSection
	GlobalSection(ProjectConfigurationPlatforms) = postSolution
		{C800085A-2748-482B-8B79-F0A3680CE10C}.Debug|Any CPU.ActiveCfg = Debug|Any CPU
		{C800085A-2748-482B-8B79-F0A3680CE10C}.Debug|Any CPU.Build.0 = Debug|Any CPU
		{C800085A-2748-482B-8B79-F0A3680CE10C}.Release|Any CPU.ActiveCfg = Release|Any CPU
		{C800085A-2748-482B-8B79-F0A3680CE10C}.Release|Any CPU.Build.0 = Release|Any CPU
	EndGlobalSection
	GlobalSection(SolutionProperties) = preSolution
		HideSolutionNode = FALSE
	EndGlobalSection
EndGlobal
